
Microsoft Visual Studio Solution File, Format Version 12.00
# Visual Studio Version 16
VisualStudioVersion = 16.0.30907.101
MinimumVisualStudioVersion = 10.0.40219.1
Project("{FAE04EC0-301F-11D3-BF4B-00C04F79EFBC}") = "validacao-de-nota", "validacao-de-nota\validacao-de-nota.csproj", "{B6A4F984-C0F8-498B-B5BE-D2228AA5831D}"
EndProject
Global
	GlobalSection(SolutionConfigurationPlatforms) = preSolution
		Debug|Any CPU = Debug|Any CPU
		Release|Any CPU = Release|Any CPU
	EndGlobalSection
	GlobalSection(ProjectConfigurationPlatforms) = postSolution
		{B6A4F984-C0F8-498B-B5BE-D2228AA5831D}.Debug|Any CPU.ActiveCfg = Debug|Any CPU
		{B6A4F984-C0F8-498B-B5BE-D2228AA5831D}.Debug|Any CPU.Build.0 = Debug|Any CPU
		{B6A4F984-C0F8-498B-B5BE-D2228AA5831D}.Release|Any CPU.ActiveCfg = Release|Any CPU
		{B6A4F984-C0F8-498B-B5BE-D2228AA5831D}.Release|Any CPU.Build.0 = Release|Any CPU
	EndGlobalSection
	GlobalSection(SolutionProperties) = preSolution
		HideSolutionNode = FALSE
	EndGlobalSection
	GlobalSection(ExtensibilityGlobals) = postSolution
		SolutionGuid = {530DC3E7-2D1D-484D-8421-8A7DECF16E8C}
	EndGlobalSection
EndGlobal
