
Microsoft Visual Studio Solution File, Format Version 12.00
# Visual Studio Version 16
VisualStudioVersion = 16.0.30907.101
MinimumVisualStudioVersion = 10.0.40219.1
Project("{FAE04EC0-301F-11D3-BF4B-00C04F79EFBC}") = "pedro-bento-e-o-mundo-de-oz", "pedro-bento-e-o-mundo-de-oz\pedro-bento-e-o-mundo-de-oz.csproj", "{2090FF95-95C4-4BA2-A42A-E5246A33E57E}"
EndProject
Global
	GlobalSection(SolutionConfigurationPlatforms) = preSolution
		Debug|Any CPU = Debug|Any CPU
		Release|Any CPU = Release|Any CPU
	EndGlobalSection
	GlobalSection(ProjectConfigurationPlatforms) = postSolution
		{2090FF95-95C4-4BA2-A42A-E5246A33E57E}.Debug|Any CPU.ActiveCfg = Debug|Any CPU
		{2090FF95-95C4-4BA2-A42A-E5246A33E57E}.Debug|Any CPU.Build.0 = Debug|Any CPU
		{2090FF95-95C4-4BA2-A42A-E5246A33E57E}.Release|Any CPU.ActiveCfg = Release|Any CPU
		{2090FF95-95C4-4BA2-A42A-E5246A33E57E}.Release|Any CPU.Build.0 = Release|Any CPU
	EndGlobalSection
	GlobalSection(SolutionProperties) = preSolution
		HideSolutionNode = FALSE
	EndGlobalSection
	GlobalSection(ExtensibilityGlobals) = postSolution
		SolutionGuid = {BF65503F-541D-4C18-832D-11713E60A4E4}
	EndGlobalSection
EndGlobal
